github.com/unidoc/pkcs7 v0.0.0-20200411230602-d883fd70d1df h1:1RV3lxQ6L6xGFNhngpP9iMjJPSwvH3p17JNbK9u5274=
github.com/unidoc/pkcs7 v0.0.0-20200411230602-d883fd70d1df/go.mod h1:UEzOZUEpJfDpywVJMUT8QiugqEZC29pDq7kdIZhWCr8=
github.com/unidoc/timestamp v0.0.0-20200412005513-91597fd3793a h1:RLtvUhe4DsUDl66m7MJ8OqBjq8jpWBXPK6/RKtqeTkc=
github.com/unidoc/timestamp v0.0.0-20200412005513-91597fd3793a/go.mod h1:j+qMWZVpZFTvDey3zxUkSgPJZEX33tDgU/QIA0IzCUw=
golang.org/x/crypto v0.0.0-20220313003712-b769efc7c000 h1:SL+8VVnkqyshUSz5iNnXtrBQzvFF2SkROm6t5RczFAE=
golang.org/x/crypto v0.0.0-20220313003712-b769efc7c000/go.mod h1:IxCIyHEi3zRg3s0A5j5BB6A9Jmi73HwBIUl50j+osU4=
